
Microsoft Visual Studio Solution File, Format Version 12.00
# Visual Studio 15
VisualStudioVersion = 15.0.28010.2026
MinimumVisualStudioVersion = 10.0.40219.1
Project("{8BC9CEB8-8B4A-11D0-8D11-00A0C91BC942}") = "C-Pointer", "C-Pointer\C-Pointer.vcxproj", "{DFAF4BA6-36C4-43AA-8C6A-1B791DBB7CAE}"
EndProject
Global
	GlobalSection(SolutionConfigurationPlatforms) = preSolution
		Debug|x64 = Debug|x64
		Debug|x86 = Debug|x86
		Release|x64 = Release|x64
		Release|x86 = Release|x86
	EndGlobalSection
	GlobalSection(ProjectConfigurationPlatforms) = postSolution
		{DFAF4BA6-36C4-43AA-8C6A-1B791DBB7CAE}.Debug|x64.ActiveCfg = Debug|x64
		{DFAF4BA6-36C4-43AA-8C6A-1B791DBB7CAE}.Debug|x64.Build.0 = Debug|x64
		{DFAF4BA6-36C4-43AA-8C6A-1B791DBB7CAE}.Debug|x86.ActiveCfg = Debug|Win32
		{DFAF4BA6-36C4-43AA-8C6A-1B791DBB7CAE}.Debug|x86.Build.0 = Debug|Win32
		{DFAF4BA6-36C4-43AA-8C6A-1B791DBB7CAE}.Release|x64.ActiveCfg = Release|x64
		{DFAF4BA6-36C4-43AA-8C6A-1B791DBB7CAE}.Release|x64.Build.0 = Release|x64
		{DFAF4BA6-36C4-43AA-8C6A-1B791DBB7CAE}.Release|x86.ActiveCfg = Release|Win32
		{DFAF4BA6-36C4-43AA-8C6A-1B791DBB7CAE}.Release|x86.Build.0 = Release|Win32
	EndGlobalSection
	GlobalSection(SolutionProperties) = preSolution
		HideSolutionNode = FALSE
	EndGlobalSection
	GlobalSection(ExtensibilityGlobals) = postSolution
		SolutionGuid = {AF516520-B75D-41A0-86E4-338752B7617C}
	EndGlobalSection
EndGlobal
