
Microsoft Visual Studio Solution File, Format Version 12.00
# Visual Studio 15
VisualStudioVersion = 15.0.28010.2026
MinimumVisualStudioVersion = 10.0.40219.1
Project("{8BC9CEB8-8B4A-11D0-8D11-00A0C91BC942}") = "String13", "String13\String13.vcxproj", "{8FA78182-8880-412D-A7B9-FDF2272A6DFF}"
EndProject
Global
	GlobalSection(SolutionConfigurationPlatforms) = preSolution
		Debug|x64 = Debug|x64
		Debug|x86 = Debug|x86
		Release|x64 = Release|x64
		Release|x86 = Release|x86
	EndGlobalSection
	GlobalSection(ProjectConfigurationPlatforms) = postSolution
		{8FA78182-8880-412D-A7B9-FDF2272A6DFF}.Debug|x64.ActiveCfg = Debug|x64
		{8FA78182-8880-412D-A7B9-FDF2272A6DFF}.Debug|x64.Build.0 = Debug|x64
		{8FA78182-8880-412D-A7B9-FDF2272A6DFF}.Debug|x86.ActiveCfg = Debug|Win32
		{8FA78182-8880-412D-A7B9-FDF2272A6DFF}.Debug|x86.Build.0 = Debug|Win32
		{8FA78182-8880-412D-A7B9-FDF2272A6DFF}.Release|x64.ActiveCfg = Release|x64
		{8FA78182-8880-412D-A7B9-FDF2272A6DFF}.Release|x64.Build.0 = Release|x64
		{8FA78182-8880-412D-A7B9-FDF2272A6DFF}.Release|x86.ActiveCfg = Release|Win32
		{8FA78182-8880-412D-A7B9-FDF2272A6DFF}.Release|x86.Build.0 = Release|Win32
	EndGlobalSection
	GlobalSection(SolutionProperties) = preSolution
		HideSolutionNode = FALSE
	EndGlobalSection
	GlobalSection(ExtensibilityGlobals) = postSolution
		SolutionGuid = {2A03B0ED-4E61-468D-AEA5-23E9D2C74A6D}
	EndGlobalSection
EndGlobal
