
Microsoft Visual Studio Solution File, Format Version 12.00
# Visual Studio 15
VisualStudioVersion = 15.0.28010.2026
MinimumVisualStudioVersion = 10.0.40219.1
Project("{8BC9CEB8-8B4A-11D0-8D11-00A0C91BC942}") = "class5-9", "class5-9\class5-9.vcxproj", "{3055A503-813D-4226-BB2C-3DE04012C6CB}"
EndProject
Global
	GlobalSection(SolutionConfigurationPlatforms) = preSolution
		Debug|x64 = Debug|x64
		Debug|x86 = Debug|x86
		Release|x64 = Release|x64
		Release|x86 = Release|x86
	EndGlobalSection
	GlobalSection(ProjectConfigurationPlatforms) = postSolution
		{3055A503-813D-4226-BB2C-3DE04012C6CB}.Debug|x64.ActiveCfg = Debug|x64
		{3055A503-813D-4226-BB2C-3DE04012C6CB}.Debug|x64.Build.0 = Debug|x64
		{3055A503-813D-4226-BB2C-3DE04012C6CB}.Debug|x86.ActiveCfg = Debug|Win32
		{3055A503-813D-4226-BB2C-3DE04012C6CB}.Debug|x86.Build.0 = Debug|Win32
		{3055A503-813D-4226-BB2C-3DE04012C6CB}.Release|x64.ActiveCfg = Release|x64
		{3055A503-813D-4226-BB2C-3DE04012C6CB}.Release|x64.Build.0 = Release|x64
		{3055A503-813D-4226-BB2C-3DE04012C6CB}.Release|x86.ActiveCfg = Release|Win32
		{3055A503-813D-4226-BB2C-3DE04012C6CB}.Release|x86.Build.0 = Release|Win32
	EndGlobalSection
	GlobalSection(SolutionProperties) = preSolution
		HideSolutionNode = FALSE
	EndGlobalSection
	GlobalSection(ExtensibilityGlobals) = postSolution
		SolutionGuid = {E25A1E0C-AFE2-4FAF-8131-D739E252E533}
	EndGlobalSection
EndGlobal
