
Microsoft Visual Studio Solution File, Format Version 12.00
# Visual Studio 15
VisualStudioVersion = 15.0.28010.2026
MinimumVisualStudioVersion = 10.0.40219.1
Project("{8BC9CEB8-8B4A-11D0-8D11-00A0C91BC942}") = "Stirng08", "Stirng08\Stirng08.vcxproj", "{8E5D686B-C442-462C-9621-52CDA704F22E}"
EndProject
Global
	GlobalSection(SolutionConfigurationPlatforms) = preSolution
		Debug|x64 = Debug|x64
		Debug|x86 = Debug|x86
		Release|x64 = Release|x64
		Release|x86 = Release|x86
	EndGlobalSection
	GlobalSection(ProjectConfigurationPlatforms) = postSolution
		{8E5D686B-C442-462C-9621-52CDA704F22E}.Debug|x64.ActiveCfg = Debug|x64
		{8E5D686B-C442-462C-9621-52CDA704F22E}.Debug|x64.Build.0 = Debug|x64
		{8E5D686B-C442-462C-9621-52CDA704F22E}.Debug|x86.ActiveCfg = Debug|Win32
		{8E5D686B-C442-462C-9621-52CDA704F22E}.Debug|x86.Build.0 = Debug|Win32
		{8E5D686B-C442-462C-9621-52CDA704F22E}.Release|x64.ActiveCfg = Release|x64
		{8E5D686B-C442-462C-9621-52CDA704F22E}.Release|x64.Build.0 = Release|x64
		{8E5D686B-C442-462C-9621-52CDA704F22E}.Release|x86.ActiveCfg = Release|Win32
		{8E5D686B-C442-462C-9621-52CDA704F22E}.Release|x86.Build.0 = Release|Win32
	EndGlobalSection
	GlobalSection(SolutionProperties) = preSolution
		HideSolutionNode = FALSE
	EndGlobalSection
	GlobalSection(ExtensibilityGlobals) = postSolution
		SolutionGuid = {ADB09D7E-5C55-412A-B498-8E2CB7D420D8}
	EndGlobalSection
EndGlobal
