
Microsoft Visual Studio Solution File, Format Version 12.00
# Visual Studio 15
VisualStudioVersion = 15.0.28010.2026
MinimumVisualStudioVersion = 10.0.40219.1
Project("{8BC9CEB8-8B4A-11D0-8D11-00A0C91BC942}") = "String06", "String06\String06.vcxproj", "{D26577CF-8669-45AE-B1FE-AC2CDD54125B}"
EndProject
Global
	GlobalSection(SolutionConfigurationPlatforms) = preSolution
		Debug|x64 = Debug|x64
		Debug|x86 = Debug|x86
		Release|x64 = Release|x64
		Release|x86 = Release|x86
	EndGlobalSection
	GlobalSection(ProjectConfigurationPlatforms) = postSolution
		{D26577CF-8669-45AE-B1FE-AC2CDD54125B}.Debug|x64.ActiveCfg = Debug|x64
		{D26577CF-8669-45AE-B1FE-AC2CDD54125B}.Debug|x64.Build.0 = Debug|x64
		{D26577CF-8669-45AE-B1FE-AC2CDD54125B}.Debug|x86.ActiveCfg = Debug|Win32
		{D26577CF-8669-45AE-B1FE-AC2CDD54125B}.Debug|x86.Build.0 = Debug|Win32
		{D26577CF-8669-45AE-B1FE-AC2CDD54125B}.Release|x64.ActiveCfg = Release|x64
		{D26577CF-8669-45AE-B1FE-AC2CDD54125B}.Release|x64.Build.0 = Release|x64
		{D26577CF-8669-45AE-B1FE-AC2CDD54125B}.Release|x86.ActiveCfg = Release|Win32
		{D26577CF-8669-45AE-B1FE-AC2CDD54125B}.Release|x86.Build.0 = Release|Win32
	EndGlobalSection
	GlobalSection(SolutionProperties) = preSolution
		HideSolutionNode = FALSE
	EndGlobalSection
	GlobalSection(ExtensibilityGlobals) = postSolution
		SolutionGuid = {98237B56-BE76-4B78-B4EB-ECCDDEF99AE3}
	EndGlobalSection
EndGlobal
